// !$*UTF8*$!
{
	archiveVersion = 1;
	classes = {
	};
	objectVersion = 50;
	objects = {

/* Begin PBXBuildFile section */
		3B47D36C21D7CD6300FF8BB7 /* CategoryViewController.swift in Sources */ = {isa = PBXBuildFile; fileRef = 3B47D36B21D7CD6300FF8BB7 /* CategoryViewController.swift */; };
		3BDA0A7421D4799600CDC60A /* AppDelegate.swift in Sources */ = {isa = PBXBuildFile; fileRef = 3BDA0A7321D4799600CDC60A /* AppDelegate.swift */; };
		3BDA0A7621D4799600CDC60A /* TodoListViewController.swift in Sources */ = {isa = PBXBuildFile; fileRef = 3BDA0A7521D4799600CDC60A /* TodoListViewController.swift */; };
		3BDA0A7921D4799600CDC60A /* Main.storyboard in Resources */ = {isa = PBXBuildFile; fileRef = 3BDA0A7721D4799600CDC60A /* Main.storyboard */; };
		3BDA0A7B21D4799D00CDC60A /* Assets.xcassets in Resources */ = {isa = PBXBuildFile; fileRef = 3BDA0A7A21D4799D00CDC60A /* Assets.xcassets */; };
		3BDA0A7E21D4799D00CDC60A /* LaunchScreen.storyboard in Resources */ = {isa = PBXBuildFile; fileRef = 3BDA0A7C21D4799D00CDC60A /* LaunchScreen.storyboard */; };
		3BDA0AD221D736DB00CDC60A /* DataModel.xcdatamodeld in Sources */ = {isa = PBXBuildFile; fileRef = 3BDA0AD021D736DB00CDC60A /* DataModel.xcdatamodeld */; };
		8CAB1E2ACB73585D25CB9A90 /* Pods_Todoey.framework in Frameworks */ = {isa = PBXBuildFile; fileRef = C01B559C3E95E2EFBF315C08 /* Pods_Todoey.framework */; };
/* End PBXBuildFile section */

/* Begin PBXFileReference section */
		3B47D36B21D7CD6300FF8BB7 /* CategoryViewController.swift */ = {isa = PBXFileReference; lastKnownFileType = sourcecode.swift; path = CategoryViewController.swift; sourceTree = "<group>"; };
		3BDA0A7021D4799600CDC60A /* Todoey.app */ = {isa = PBXFileReference; explicitFileType = wrapper.application; includeInIndex = 0; path = Todoey.app; sourceTree = BUILT_PRODUCTS_DIR; };
		3BDA0A7321D4799600CDC60A /* AppDelegate.swift */ = {isa = PBXFileReference; lastKnownFileType = sourcecode.swift; path = AppDelegate.swift; sourceTree = "<group>"; };
		3BDA0A7521D4799600CDC60A /* TodoListViewController.swift */ = {isa = PBXFileReference; lastKnownFileType = sourcecode.swift; path = TodoListViewController.swift; sourceTree = "<group>"; };
		3BDA0A7821D4799600CDC60A /* Base */ = {isa = PBXFileReference; lastKnownFileType = file.storyboard; name = Base; path = Base.lproj/Main.storyboard; sourceTree = "<group>"; };
		3BDA0A7A21D4799D00CDC60A /* Assets.xcassets */ = {isa = PBXFileReference; lastKnownFileType = folder.assetcatalog; path = Assets.xcassets; sourceTree = "<group>"; };
		3BDA0A7D21D4799D00CDC60A /* Base */ = {isa = PBXFileReference; lastKnownFileType = file.storyboard; name = Base; path = Base.lproj/LaunchScreen.storyboard; sourceTree = "<group>"; };
		3BDA0A7F21D4799D00CDC60A /* Info.plist */ = {isa = PBXFileReference; lastKnownFileType = text.plist.xml; path = Info.plist; sourceTree = "<group>"; };
		3BDA0AD121D736DB00CDC60A /* DataModel.xcdatamodel */ = {isa = PBXFileReference; lastKnownFileType = wrapper.xcdatamodel; path = DataModel.xcdatamodel; sourceTree = "<group>"; };
		94255B11931DA30A7686EF8A /* Pods-Todoey.release.xcconfig */ = {isa = PBXFileReference; includeInIndex = 1; lastKnownFileType = text.xcconfig; name = "Pods-Todoey.release.xcconfig"; path = "Pods/Target Support Files/Pods-Todoey/Pods-Todoey.release.xcconfig"; sourceTree = "<group>"; };
		C01B559C3E95E2EFBF315C08 /* Pods_Todoey.framework */ = {isa = PBXFileReference; explicitFileType = wrapper.framework; includeInIndex = 0; path = Pods_Todoey.framework; sourceTree = BUILT_PRODUCTS_DIR; };
		DF87E2A01075E0E5226B5333 /* Pods-Todoey.debug.xcconfig */ = {isa = PBXFileReference; includeInIndex = 1; lastKnownFileType = text.xcconfig; name = "Pods-Todoey.debug.xcconfig"; path = "Pods/Target Support Files/Pods-Todoey/Pods-Todoey.debug.xcconfig"; sourceTree = "<group>"; };
/* End PBXFileReference section */

/* Begin PBXFrameworksBuildPhase section */
		3BDA0A6D21D4799600CDC60A /* Frameworks */ = {
			isa = PBXFrameworksBuildPhase;
			buildActionMask = 2147483647;
			files = (
				8CAB1E2ACB73585D25CB9A90 /* Pods_Todoey.framework in Frameworks */,
			);
			runOnlyForDeploymentPostprocessing = 0;
		};
/* End PBXFrameworksBuildPhase section */

/* Begin PBXGroup section */
		3BDA0A6721D4799600CDC60A = {
			isa = PBXGroup;
			children = (
				3BDA0A7221D4799600CDC60A /* Todoey */,
				3BDA0A7121D4799600CDC60A /* Products */,
				B2F7020EF07B9960534F56FA /* Pods */,
				FFFB2B65D78020D160D81B6D /* Frameworks */,
			);
			sourceTree = "<group>";
		};
		3BDA0A7121D4799600CDC60A /* Products */ = {
			isa = PBXGroup;
			children = (
				3BDA0A7021D4799600CDC60A /* Todoey.app */,
			);
			name = Products;
			sourceTree = "<group>";
		};
		3BDA0A7221D4799600CDC60A /* Todoey */ = {
			isa = PBXGroup;
			children = (
				3BDA0A7321D4799600CDC60A /* AppDelegate.swift */,
				3BDA0A8821D5DCE700CDC60A /* Controllers */,
				3BDA0A8721D5DCD800CDC60A /* Data Model */,
				3BDA0A8921D5DD0C00CDC60A /* Views */,
				3BDA0A8A21D5DD1A00CDC60A /* Supporting Files */,
				3BDA0A7F21D4799D00CDC60A /* Info.plist */,
			);
			path = Todoey;
			sourceTree = "<group>";
		};
		3BDA0A8721D5DCD800CDC60A /* Data Model */ = {
			isa = PBXGroup;
			children = (
				3BDA0AD021D736DB00CDC60A /* DataModel.xcdatamodeld */,
			);
			path = "Data Model";
			sourceTree = "<group>";
		};
		3BDA0A8821D5DCE700CDC60A /* Controllers */ = {
			isa = PBXGroup;
			children = (
				3B47D36B21D7CD6300FF8BB7 /* CategoryViewController.swift */,
				3BDA0A7521D4799600CDC60A /* TodoListViewController.swift */,
			);
			path = Controllers;
			sourceTree = "<group>";
		};
		3BDA0A8921D5DD0C00CDC60A /* Views */ = {
			isa = PBXGroup;
			children = (
				3BDA0A7721D4799600CDC60A /* Main.storyboard */,
			);
			path = Views;
			sourceTree = "<group>";
		};
		3BDA0A8A21D5DD1A00CDC60A /* Supporting Files */ = {
			isa = PBXGroup;
			children = (
				3BDA0A7A21D4799D00CDC60A /* Assets.xcassets */,
				3BDA0A7C21D4799D00CDC60A /* LaunchScreen.storyboard */,
			);
			path = "Supporting Files";
			sourceTree = "<group>";
		};
		B2F7020EF07B9960534F56FA /* Pods */ = {
			isa = PBXGroup;
			children = (
				DF87E2A01075E0E5226B5333 /* Pods-Todoey.debug.xcconfig */,
				94255B11931DA30A7686EF8A /* Pods-Todoey.release.xcconfig */,
			);
			name = Pods;
			sourceTree = "<group>";
		};
		FFFB2B65D78020D160D81B6D /* Frameworks */ = {
			isa = PBXGroup;
			children = (
				C01B559C3E95E2EFBF315C08 /* Pods_Todoey.framework */,
			);
			name = Frameworks;
			sourceTree = "<group>";
		};
/* End PBXGroup section */

/* Begin PBXNativeTarget section */
		3BDA0A6F21D4799600CDC60A /* Todoey */ = {
			isa = PBXNativeTarget;
			buildConfigurationList = 3BDA0A8221D4799D00CDC60A /* Build configuration list for PBXNativeTarget "Todoey" */;
			buildPhases = (
				D3E6F1A53D6FB87130A80A3D /* [CP] Check Pods Manifest.lock */,
				3BDA0A6C21D4799600CDC60A /* Sources */,
				3BDA0A6D21D4799600CDC60A /* Frameworks */,
				3BDA0A6E21D4799600CDC60A /* Resources */,
				F214986D9CA264E62A9914C6 /* [CP] Embed Pods Frameworks */,
			);
			buildRules = (
			);
			dependencies = (
			);
			name = Todoey;
			productName = Todoey;
			productReference = 3BDA0A7021D4799600CDC60A /* Todoey.app */;
			productType = "com.apple.product-type.application";
		};
/* End PBXNativeTarget section */

/* Begin PBXProject section */
		3BDA0A6821D4799600CDC60A /* Project object */ = {
			isa = PBXProject;
			attributes = {
				LastSwiftUpdateCheck = 1010;
				LastUpgradeCheck = 1010;
				ORGANIZATIONNAME = "Jenna Li";
				TargetAttributes = {
					3BDA0A6F21D4799600CDC60A = {
						CreatedOnToolsVersion = 10.1;
					};
				};
			};
			buildConfigurationList = 3BDA0A6B21D4799600CDC60A /* Build configuration list for PBXProject "Todoey" */;
			compatibilityVersion = "Xcode 9.3";
			developmentRegion = en;
			hasScannedForEncodings = 0;
			knownRegions = (
				en,
				Base,
			);
			mainGroup = 3BDA0A6721D4799600CDC60A;
			productRefGroup = 3BDA0A7121D4799600CDC60A /* Products */;
			projectDirPath = "";
			projectRoot = "";
			targets = (
				3BDA0A6F21D4799600CDC60A /* Todoey */,
			);
		};
/* End PBXProject section */

/* Begin PBXResourcesBuildPhase section */
		3BDA0A6E21D4799600CDC60A /* Resources */ = {
			isa = PBXResourcesBuildPhase;
			buildActionMask = 2147483647;
			files = (
				3BDA0A7E21D4799D00CDC60A /* LaunchScreen.storyboard in Resources */,
				3BDA0A7B21D4799D00CDC60A /* Assets.xcassets in Resources */,
				3BDA0A7921D4799600CDC60A /* Main.storyboard in Resources */,
			);
			runOnlyForDeploymentPostprocessing = 0;
		};
/* End PBXResourcesBuildPhase section */

/* Begin PBXShellScriptBuildPhase section */
		D3E6F1A53D6FB87130A80A3D /* [CP] Check Pods Manifest.lock */ = {
			isa = PBXShellScriptBuildPhase;
			buildActionMask = 2147483647;
			files = (
			);
			inputFileListPaths = (
			);
			inputPaths = (
				"${PODS_PODFILE_DIR_PATH}/Podfile.lock",
				"${PODS_ROOT}/Manifest.lock",
			);
			name = "[CP] Check Pods Manifest.lock";
			outputFileListPaths = (
			);
			outputPaths = (
				"$(DERIVED_FILE_DIR)/Pods-Todoey-checkManifestLockResult.txt",
			);
			runOnlyForDeploymentPostprocessing = 0;
			shellPath = /bin/sh;
			shellScript = "diff \"${PODS_PODFILE_DIR_PATH}/Podfile.lock\" \"${PODS_ROOT}/Manifest.lock\" > /dev/null\nif [ $? != 0 ] ; then\n    # print error to STDERR\n    echo \"error: The sandbox is not in sync with the Podfile.lock. Run 'pod install' or update your CocoaPods installation.\" >&2\n    exit 1\nfi\n# This output is used by Xcode 'outputs' to avoid re-running this script phase.\necho \"SUCCESS\" > \"${SCRIPT_OUTPUT_FILE_0}\"\n";
			showEnvVarsInLog = 0;
		};
		F214986D9CA264E62A9914C6 /* [CP] Embed Pods Frameworks */ = {
			isa = PBXShellScriptBuildPhase;
			buildActionMask = 2147483647;
			files = (
			);
			inputFileListPaths = (
			);
			inputPaths = (
				"${SRCROOT}/Pods/Target Support Files/Pods-Todoey/Pods-Todoey-frameworks.sh",
				"${BUILT_PRODUCTS_DIR}/Realm/Realm.framework",
				"${BUILT_PRODUCTS_DIR}/RealmSwift/RealmSwift.framework",
			);
			name = "[CP] Embed Pods Frameworks";
			outputFileListPaths = (
			);
			outputPaths = (
				"${TARGET_BUILD_DIR}/${FRAMEWORKS_FOLDER_PATH}/Realm.framework",
				"${TARGET_BUILD_DIR}/${FRAMEWORKS_FOLDER_PATH}/RealmSwift.framework",
			);
			runOnlyForDeploymentPostprocessing = 0;
			shellPath = /bin/sh;
			shellScript = "\"${SRCROOT}/Pods/Target Support Files/Pods-Todoey/Pods-Todoey-frameworks.sh\"\n";
			showEnvVarsInLog = 0;
		};
/* End PBXShellScriptBuildPhase section */

/* Begin PBXSourcesBuildPhase section */
		3BDA0A6C21D4799600CDC60A /* Sources */ = {
			isa = PBXSourcesBuildPhase;
			buildActionMask = 2147483647;
			files = (
				3B47D36C21D7CD6300FF8BB7 /* CategoryViewController.swift in Sources */,
				3BDA0A7621D4799600CDC60A /* TodoListViewController.swift in Sources */,
				3BDA0AD221D736DB00CDC60A /* DataModel.xcdatamodeld in Sources */,
				3BDA0A7421D4799600CDC60A /* AppDelegate.swift in Sources */,
			);
			runOnlyForDeploymentPostprocessing = 0;
		};
/* End PBXSourcesBuildPhase section */

/* Begin PBXVariantGroup section */
		3BDA0A7721D4799600CDC60A /* Main.storyboard */ = {
			isa = PBXVariantGroup;
			children = (
				3BDA0A7821D4799600CDC60A /* Base */,
			);
			name = Main.storyboard;
			sourceTree = "<group>";
		};
		3BDA0A7C21D4799D00CDC60A /* LaunchScreen.storyboard */ = {
			isa = PBXVariantGroup;
			children = (
				3BDA0A7D21D4799D00CDC60A /* Base */,
			);
			name = LaunchScreen.storyboard;
			sourceTree = "<group>";
		};
/* End PBXVariantGroup section */

/* Begin XCBuildConfiguration section */
		3BDA0A8021D4799D00CDC60A /* Debug */ = {
			isa = XCBuildConfiguration;
			buildSettings = {
				ALWAYS_SEARCH_USER_PATHS = NO;
				CLANG_ANALYZER_NONNULL = YES;
				CLANG_ANALYZER_NUMBER_OBJECT_CONVERSION = YES_AGGRESSIVE;
				CLANG_CXX_LANGUAGE_STANDARD = "gnu++14";
				CLANG_CXX_LIBRARY = "libc++";
				CLANG_ENABLE_MODULES = YES;
				CLANG_ENABLE_OBJC_ARC = YES;
				CLANG_ENABLE_OBJC_WEAK = YES;
				CLANG_WARN_BLOCK_CAPTURE_AUTORELEASING = YES;
				CLANG_WARN_BOOL_CONVERSION = YES;
				CLANG_WARN_COMMA = YES;
				CLANG_WARN_CONSTANT_CONVERSION = YES;
				CLANG_WARN_DEPRECATED_OBJC_IMPLEMENTATIONS = YES;
				CLANG_WARN_DIRECT_OBJC_ISA_USAGE = YES_ERROR;
				CLANG_WARN_DOCUMENTATION_COMMENTS = YES;
				CLANG_WARN_EMPTY_BODY = YES;
				CLANG_WARN_ENUM_CONVERSION = YES;
				CLANG_WARN_INFINITE_RECURSION = YES;
				CLANG_WARN_INT_CONVERSION = YES;
				CLANG_WARN_NON_LITERAL_NULL_CONVERSION = YES;
				CLANG_WARN_OBJC_IMPLICIT_RETAIN_SELF = YES;
				CLANG_WARN_OBJC_LITERAL_CONVERSION = YES;
				CLANG_WARN_OBJC_ROOT_CLASS = YES_ERROR;
				CLANG_WARN_RANGE_LOOP_ANALYSIS = YES;
				CLANG_WARN_STRICT_PROTOTYPES = YES;
				CLANG_WARN_SUSPICIOUS_MOVE = YES;
				CLANG_WARN_UNGUARDED_AVAILABILITY = YES_AGGRESSIVE;
				CLANG_WARN_UNREACHABLE_CODE = YES;
				CLANG_WARN__DUPLICATE_METHOD_MATCH = YES;
				CODE_SIGN_IDENTITY = "iPhone Developer";
				COPY_PHASE_STRIP = NO;
				DEBUG_INFORMATION_FORMAT = dwarf;
				ENABLE_STRICT_OBJC_MSGSEND = YES;
				ENABLE_TESTABILITY = YES;
				GCC_C_LANGUAGE_STANDARD = gnu11;
				GCC_DYNAMIC_NO_PIC = NO;
				GCC_NO_COMMON_BLOCKS = YES;
				GCC_OPTIMIZATION_LEVEL = 0;
				GCC_PREPROCESSOR_DEFINITIONS = (
					"DEBUG=1",
					"$(inherited)",
				);
				GCC_WARN_64_TO_32_BIT_CONVERSION = YES;
				GCC_WARN_ABOUT_RETURN_TYPE = YES_ERROR;
				GCC_WARN_UNDECLARED_SELECTOR = YES;
				GCC_WARN_UNINITIALIZED_AUTOS = YES_AGGRESSIVE;
				GCC_WARN_UNUSED_FUNCTION = YES;
				GCC_WARN_UNUSED_VARIABLE = YES;
				IPHONEOS_DEPLOYMENT_TARGET = 12.1;
				MTL_ENABLE_DEBUG_INFO = INCLUDE_SOURCE;
				MTL_FAST_MATH = YES;
				ONLY_ACTIVE_ARCH = YES;
				SDKROOT = iphoneos;
				SWIFT_ACTIVE_COMPILATION_CONDITIONS = DEBUG;
				SWIFT_OPTIMIZATION_LEVEL = "-Onone";
			};
			name = Debug;
		};
		3BDA0A8121D4799D00CDC60A /* Release */ = {
			isa = XCBuildConfiguration;
			buildSettings = {
				ALWAYS_SEARCH_USER_PATHS = NO;
				CLANG_ANALYZER_NONNULL = YES;
				CLANG_ANALYZER_NUMBER_OBJECT_CONVERSION = YES_AGGRESSIVE;
				CLANG_CXX_LANGUAGE_STANDARD = "gnu++14";
				CLANG_CXX_LIBRARY = "libc++";
				CLANG_ENABLE_MODULES = YES;
				CLANG_ENABLE_OBJC_ARC = YES;
				CLANG_ENABLE_OBJC_WEAK = YES;
				CLANG_WARN_BLOCK_CAPTURE_AUTORELEASING = YES;
				CLANG_WARN_BOOL_CONVERSION = YES;
				CLANG_WARN_COMMA = YES;
				CLANG_WARN_CONSTANT_CONVERSION = YES;
				CLANG_WARN_DEPRECATED_OBJC_IMPLEMENTATIONS = YES;
				CLANG_WARN_DIRECT_OBJC_ISA_USAGE = YES_ERROR;
				CLANG_WARN_DOCUMENTATION_COMMENTS = YES;
				CLANG_WARN_EMPTY_BODY = YES;
				CLANG_WARN_ENUM_CONVERSION = YES;
				CLANG_WARN_INFINITE_RECURSION = YES;
				CLANG_WARN_INT_CONVERSION = YES;
				CLANG_WARN_NON_LITERAL_NULL_CONVERSION = YES;
				CLANG_WARN_OBJC_IMPLICIT_RETAIN_SELF = YES;
				CLANG_WARN_OBJC_LITERAL_CONVERSION = YES;
				CLANG_WARN_OBJC_ROOT_CLASS = YES_ERROR;
				CLANG_WARN_RANGE_LOOP_ANALYSIS = YES;
				CLANG_WARN_STRICT_PROTOTYPES = YES;
				CLANG_WARN_SUSPICIOUS_MOVE = YES;
				CLANG_WARN_UNGUARDED_AVAILABILITY = YES_AGGRESSIVE;
				CLANG_WARN_UNREACHABLE_CODE = YES;
				CLANG_WARN__DUPLICATE_METHOD_MATCH = YES;
				CODE_SIGN_IDENTITY = "iPhone Developer";
				COPY_PHASE_STRIP = NO;
				DEBUG_INFORMATION_FORMAT = "dwarf-with-dsym";
				ENABLE_NS_ASSERTIONS = NO;
				ENABLE_STRICT_OBJC_MSGSEND = YES;
				GCC_C_LANGUAGE_STANDARD = gnu11;
				GCC_NO_COMMON_BLOCKS = YES;
				GCC_WARN_64_TO_32_BIT_CONVERSION = YES;
				GCC_WARN_ABOUT_RETURN_TYPE = YES_ERROR;
				GCC_WARN_UNDECLARED_SELECTOR = YES;
				GCC_WARN_UNINITIALIZED_AUTOS = YES_AGGRESSIVE;
				GCC_WARN_UNUSED_FUNCTION = YES;
				GCC_WARN_UNUSED_VARIABLE = YES;
				IPHONEOS_DEPLOYMENT_TARGET = 12.1;
				MTL_ENABLE_DEBUG_INFO = NO;
				MTL_FAST_MATH = YES;
				SDKROOT = iphoneos;
				SWIFT_COMPILATION_MODE = wholemodule;
				SWIFT_OPTIMIZATION_LEVEL = "-O";
				VALIDATE_PRODUCT = YES;
			};
			name = Release;
		};
		3BDA0A8321D4799D00CDC60A /* Debug */ = {
			isa = XCBuildConfiguration;
			baseConfigurationReference = DF87E2A01075E0E5226B5333 /* Pods-Todoey.debug.xcconfig */;
			buildSettings = {
				ASSETCATALOG_COMPILER_APPICON_NAME = AppIcon;
				CODE_SIGN_STYLE = Automatic;
				DEVELOPMENT_TEAM = QBWYHVX65A;
				INFOPLIST_FILE = Todoey/Info.plist;
				LD_RUNPATH_SEARCH_PATHS = (
					"$(inherited)",
					"@executable_path/Frameworks",
				);
				PRODUCT_BUNDLE_IDENTIFIER = com.jennali.Todoey;
				PRODUCT_NAME = "$(TARGET_NAME)";
				SWIFT_VERSION = 4.2;
				TARGETED_DEVICE_FAMILY = "1,2";
			};
			name = Debug;
		};
		3BDA0A8421D4799D00CDC60A /* Release */ = {
			isa = XCBuildConfiguration;
			baseConfigurationReference = 94255B11931DA30A7686EF8A /* Pods-Todoey.release.xcconfig */;
			buildSettings = {
				ASSETCATALOG_COMPILER_APPICON_NAME = AppIcon;
				CODE_SIGN_STYLE = Automatic;
				DEVELOPMENT_TEAM = QBWYHVX65A;
				INFOPLIST_FILE = Todoey/Info.plist;
				LD_RUNPATH_SEARCH_PATHS = (
					"$(inherited)",
					"@executable_path/Frameworks",
				);
				PRODUCT_BUNDLE_IDENTIFIER = com.jennali.Todoey;
				PRODUCT_NAME = "$(TARGET_NAME)";
				SWIFT_VERSION = 4.2;
				TARGETED_DEVICE_FAMILY = "1,2";
			};
			name = Release;
		};
/* End XCBuildConfiguration section */

/* Begin XCConfigurationList section */
		3BDA0A6B21D4799600CDC60A /* Build configuration list for PBXProject "Todoey" */ = {
			isa = XCConfigurationList;
			buildConfigurations = (
				3BDA0A8021D4799D00CDC60A /* Debug */,
				3BDA0A8121D4799D00CDC60A /* Release */,
			);
			defaultConfigurationIsVisible = 0;
			defaultConfigurationName = Release;
		};
		3BDA0A8221D4799D00CDC60A /* Build configuration list for PBXNativeTarget "Todoey" */ = {
			isa = XCConfigurationList;
			buildConfigurations = (
				3BDA0A8321D4799D00CDC60A /* Debug */,
				3BDA0A8421D4799D00CDC60A /* Release */,
			);
			defaultConfigurationIsVisible = 0;
			defaultConfigurationName = Release;
		};
/* End XCConfigurationList section */

/* Begin XCVersionGroup section */
		3BDA0AD021D736DB00CDC60A /* DataModel.xcdatamodeld */ = {
			isa = XCVersionGroup;
			children = (
				3BDA0AD121D736DB00CDC60A /* DataModel.xcdatamodel */,
			);
			currentVersion = 3BDA0AD121D736DB00CDC60A /* DataModel.xcdatamodel */;
			path = DataModel.xcdatamodeld;
			sourceTree = "<group>";
			versionGroupType = wrapper.xcdatamodel;
		};
/* End XCVersionGroup section */
	};
	rootObject = 3BDA0A6821D4799600CDC60A /* Project object */;
}
